
Microsoft Visual Studio Solution File, Format Version 12.00
# Visual Studio Version 16
VisualStudioVersion = 16.0.33529.622
MinimumVisualStudioVersion = 10.0.40219.1
Project("{FAE04EC0-301F-11D3-BF4B-00C04F79EFBC}") = "VoidMethodAssignment", "VoidMethodAssignment\VoidMethodAssignment.csproj", "{00C20441-A749-4687-8BC8-D8D73638149F}"
EndProject
Global
	GlobalSection(SolutionConfigurationPlatforms) = preSolution
		Debug|Any CPU = Debug|Any CPU
		Release|Any CPU = Release|Any CPU
	EndGlobalSection
	GlobalSection(ProjectConfigurationPlatforms) = postSolution
		{00C20441-A749-4687-8BC8-D8D73638149F}.Debug|Any CPU.ActiveCfg = Debug|Any CPU
		{00C20441-A749-4687-8BC8-D8D73638149F}.Debug|Any CPU.Build.0 = Debug|Any CPU
		{00C20441-A749-4687-8BC8-D8D73638149F}.Release|Any CPU.ActiveCfg = Release|Any CPU
		{00C20441-A749-4687-8BC8-D8D73638149F}.Release|Any CPU.Build.0 = Release|Any CPU
	EndGlobalSection
	GlobalSection(SolutionProperties) = preSolution
		HideSolutionNode = FALSE
	EndGlobalSection
	GlobalSection(ExtensibilityGlobals) = postSolution
		SolutionGuid = {6F9C7A7D-628C-4D6D-9A44-216AA97A7BE3}
	EndGlobalSection
EndGlobal
