
Microsoft Visual Studio Solution File, Format Version 12.00
# Visual Studio Version 16
VisualStudioVersion = 16.0.33529.622
MinimumVisualStudioVersion = 10.0.40219.1
Project("{FAE04EC0-301F-11D3-BF4B-00C04F79EFBC}") = "TwentyOne", "ConsoleApp1\TwentyOne.csproj", "{58EE7D2F-18EE-4DF8-BC60-BF82B82A5696}"
EndProject
Project("{FAE04EC0-301F-11D3-BF4B-00C04F79EFBC}") = "Casino", "Casino\Casino.csproj", "{985EF098-29C7-4FE0-95D9-2E6A2AB56AC2}"
EndProject
Global
	GlobalSection(SolutionConfigurationPlatforms) = preSolution
		Debug|Any CPU = Debug|Any CPU
		Release|Any CPU = Release|Any CPU
	EndGlobalSection
	GlobalSection(ProjectConfigurationPlatforms) = postSolution
		{58EE7D2F-18EE-4DF8-BC60-BF82B82A5696}.Debug|Any CPU.ActiveCfg = Debug|Any CPU
		{58EE7D2F-18EE-4DF8-BC60-BF82B82A5696}.Debug|Any CPU.Build.0 = Debug|Any CPU
		{58EE7D2F-18EE-4DF8-BC60-BF82B82A5696}.Release|Any CPU.ActiveCfg = Release|Any CPU
		{58EE7D2F-18EE-4DF8-BC60-BF82B82A5696}.Release|Any CPU.Build.0 = Release|Any CPU
		{985EF098-29C7-4FE0-95D9-2E6A2AB56AC2}.Debug|Any CPU.ActiveCfg = Debug|Any CPU
		{985EF098-29C7-4FE0-95D9-2E6A2AB56AC2}.Debug|Any CPU.Build.0 = Debug|Any CPU
		{985EF098-29C7-4FE0-95D9-2E6A2AB56AC2}.Release|Any CPU.ActiveCfg = Release|Any CPU
		{985EF098-29C7-4FE0-95D9-2E6A2AB56AC2}.Release|Any CPU.Build.0 = Release|Any CPU
	EndGlobalSection
	GlobalSection(SolutionProperties) = preSolution
		HideSolutionNode = FALSE
	EndGlobalSection
	GlobalSection(ExtensibilityGlobals) = postSolution
		SolutionGuid = {6E3362CB-D14A-47DC-9CAD-BCE26AD05A93}
	EndGlobalSection
EndGlobal
