
Microsoft Visual Studio Solution File, Format Version 12.00
# Visual Studio Version 16
VisualStudioVersion = 16.0.33529.622
MinimumVisualStudioVersion = 10.0.40219.1
Project("{FAE04EC0-301F-11D3-BF4B-00C04F79EFBC}") = "StringsIntegrersAssignment", "StringsIntegrersAssignment\StringsIntegrersAssignment.csproj", "{8E490D6E-0B1E-42F1-AD5E-A4515FA6D92C}"
EndProject
Global
	GlobalSection(SolutionConfigurationPlatforms) = preSolution
		Debug|Any CPU = Debug|Any CPU
		Release|Any CPU = Release|Any CPU
	EndGlobalSection
	GlobalSection(ProjectConfigurationPlatforms) = postSolution
		{8E490D6E-0B1E-42F1-AD5E-A4515FA6D92C}.Debug|Any CPU.ActiveCfg = Debug|Any CPU
		{8E490D6E-0B1E-42F1-AD5E-A4515FA6D92C}.Debug|Any CPU.Build.0 = Debug|Any CPU
		{8E490D6E-0B1E-42F1-AD5E-A4515FA6D92C}.Release|Any CPU.ActiveCfg = Release|Any CPU
		{8E490D6E-0B1E-42F1-AD5E-A4515FA6D92C}.Release|Any CPU.Build.0 = Release|Any CPU
	EndGlobalSection
	GlobalSection(SolutionProperties) = preSolution
		HideSolutionNode = FALSE
	EndGlobalSection
	GlobalSection(ExtensibilityGlobals) = postSolution
		SolutionGuid = {D6CAACDA-D657-4590-846A-C9AF77D0202D}
	EndGlobalSection
EndGlobal
