
Microsoft Visual Studio Solution File, Format Version 12.00
# Visual Studio Version 16
VisualStudioVersion = 16.0.33529.622
MinimumVisualStudioVersion = 10.0.40219.1
Project("{FAE04EC0-301F-11D3-BF4B-00C04F79EFBC}") = "MvcTutorial", "MvcTutorial\MvcTutorial.csproj", "{FAA85374-8FB1-472A-866A-489B4128C7FF}"
EndProject
Global
	GlobalSection(SolutionConfigurationPlatforms) = preSolution
		Debug|Any CPU = Debug|Any CPU
		Release|Any CPU = Release|Any CPU
	EndGlobalSection
	GlobalSection(ProjectConfigurationPlatforms) = postSolution
		{FAA85374-8FB1-472A-866A-489B4128C7FF}.Debug|Any CPU.ActiveCfg = Debug|Any CPU
		{FAA85374-8FB1-472A-866A-489B4128C7FF}.Debug|Any CPU.Build.0 = Debug|Any CPU
		{FAA85374-8FB1-472A-866A-489B4128C7FF}.Release|Any CPU.ActiveCfg = Release|Any CPU
		{FAA85374-8FB1-472A-866A-489B4128C7FF}.Release|Any CPU.Build.0 = Release|Any CPU
	EndGlobalSection
	GlobalSection(SolutionProperties) = preSolution
		HideSolutionNode = FALSE
	EndGlobalSection
	GlobalSection(ExtensibilityGlobals) = postSolution
		SolutionGuid = {15476467-48C2-4CAD-9C7F-1A17BADC118C}
	EndGlobalSection
EndGlobal
